
Microsoft Visual Studio Solution File, Format Version 12.00
# Visual Studio Version 17
VisualStudioVersion = 17.0.31903.59
MinimumVisualStudioVersion = 10.0.40219.1
Project("{2150E333-8FDC-42A3-9474-1A3956D46DE8}") = "src", "src", "{827E0CD3-B72D-47B6-A68D-7590B98EB39B}"
EndProject
Project("{2150E333-8FDC-42A3-9474-1A3956D46DE8}") = "Shared", "Shared", "{C8E42992-5E42-0C2B-DBFE-AA848D06431C}"
EndProject
Project("{FAE04EC0-301F-11D3-BF4B-00C04F79EFBC}") = "Lagerkraft.Shared", "src\Shared\Lagerkraft.Shared.csproj", "{53E07645-FCFD-4B59-9FBF-EAD417F5F445}"
EndProject
Project("{2150E333-8FDC-42A3-9474-1A3956D46DE8}") = "ServiceDefaults", "ServiceDefaults", "{5FC1494C-0D8C-79D1-FFF2-37E95F57AB9F}"
EndProject
Project("{FAE04EC0-301F-11D3-BF4B-00C04F79EFBC}") = "Lagerkraft.ServiceDefaults", "src\ServiceDefaults\Lagerkraft.ServiceDefaults.csproj", "{EDC20508-14A0-48E0-9B0D-9C127A30FCF3}"
EndProject
Project("{2150E333-8FDC-42A3-9474-1A3956D46DE8}") = "AppHost", "AppHost", "{63882A7C-90E5-DEE3-63BB-E6ABDBC8A365}"
EndProject
Project("{FAE04EC0-301F-11D3-BF4B-00C04F79EFBC}") = "Lagerkraft.AppHost", "src\AppHost\Lagerkraft.AppHost.csproj", "{74317BF6-69E5-4ECC-AAC4-A826C551050F}"
EndProject
Project("{2150E333-8FDC-42A3-9474-1A3956D46DE8}") = "Platform", "Platform", "{4DF80442-A1E5-CC28-AE7B-27B5F9BFE52B}"
EndProject
Project("{FAE04EC0-301F-11D3-BF4B-00C04F79EFBC}") = "Lagerkraft.Platform", "src\Platform\Lagerkraft.Platform.csproj", "{C8DE5D98-5A76-463E-A130-346A84BE968E}"
EndProject
Project("{2150E333-8FDC-42A3-9474-1A3956D46DE8}") = "WmsCore", "WmsCore", "{D2B7A681-FA18-1699-4D64-DE7E2E636B05}"
EndProject
Project("{2150E333-8FDC-42A3-9474-1A3956D46DE8}") = "Api", "Api", "{E85A4CF2-C9B8-C56B-ABFF-82ACA12DE877}"
EndProject
Project("{FAE04EC0-301F-11D3-BF4B-00C04F79EFBC}") = "Lagerkraft.WmsCore.Api", "src\WmsCore\Api\Lagerkraft.WmsCore.Api.csproj", "{E200AA80-817D-4F54-A6E1-664FDBB9399A}"
EndProject
Project("{2150E333-8FDC-42A3-9474-1A3956D46DE8}") = "SyncGateway", "SyncGateway", "{EA184272-D2AD-7C29-4587-1DAC37CDFB16}"
EndProject
Project("{FAE04EC0-301F-11D3-BF4B-00C04F79EFBC}") = "Lagerkraft.SyncGateway", "src\SyncGateway\Lagerkraft.SyncGateway.csproj", "{EBFD51D7-B7A1-4554-B522-F4BF55878ED8}"
EndProject
Project("{2150E333-8FDC-42A3-9474-1A3956D46DE8}") = "Integrations", "Integrations", "{95CF60EF-5A8F-866C-1324-B5EA7AAAC44D}"
EndProject
Project("{FAE04EC0-301F-11D3-BF4B-00C04F79EFBC}") = "Lagerkraft.Integrations", "src\Integrations\Lagerkraft.Integrations.csproj", "{1CE0AD32-6662-4B09-8CEE-D647F2107451}"
EndProject
Project("{2150E333-8FDC-42A3-9474-1A3956D46DE8}") = "tests", "tests", "{0AB3BF05-4346-4AA6-1389-037BE0695223}"
EndProject
Project("{FAE04EC0-301F-11D3-BF4B-00C04F79EFBC}") = "Lagerkraft.Platform.Tests", "tests\Lagerkraft.Platform.Tests\Lagerkraft.Platform.Tests.csproj", "{57E447E4-FE9E-487B-9426-092318EED749}"
EndProject
Project("{FAE04EC0-301F-11D3-BF4B-00C04F79EFBC}") = "Lagerkraft.WmsCore.Tests", "tests\Lagerkraft.WmsCore.Tests\Lagerkraft.WmsCore.Tests.csproj", "{FF7E9A3A-2D68-45FA-A615-66092D60D23E}"
EndProject
Project("{FAE04EC0-301F-11D3-BF4B-00C04F79EFBC}") = "Lagerkraft.SyncGateway.Tests", "tests\Lagerkraft.SyncGateway.Tests\Lagerkraft.SyncGateway.Tests.csproj", "{8ABE9FEE-A50E-4752-9376-613CDFB71C29}"
EndProject
Project("{FAE04EC0-301F-11D3-BF4B-00C04F79EFBC}") = "Lagerkraft.Integrations.Tests", "tests\Lagerkraft.Integrations.Tests\Lagerkraft.Integrations.Tests.csproj", "{4B985F79-27C4-42EA-B12E-66D267453A93}"
EndProject
Project("{FAE04EC0-301F-11D3-BF4B-00C04F79EFBC}") = "Lagerkraft.Architecture.Tests", "tests\Lagerkraft.Architecture.Tests\Lagerkraft.Architecture.Tests.csproj", "{82E12C02-7C0C-40E9-A60F-1682DAB200FC}"
EndProject
Project("{FAE04EC0-301F-11D3-BF4B-00C04F79EFBC}") = "Lagerkraft.Contracts.Tests", "tests\Lagerkraft.Contracts.Tests\Lagerkraft.Contracts.Tests.csproj", "{351D413E-F4F4-4016-914E-90756859FE18}"
EndProject
Project("{FAE04EC0-301F-11D3-BF4B-00C04F79EFBC}") = "Lagerkraft.Shared.Tests", "tests\Lagerkraft.Shared.Tests\Lagerkraft.Shared.Tests.csproj", "{AD0D9F80-995C-42C6-8690-B3EE8ED4223B}"
EndProject
Global
	GlobalSection(SolutionConfigurationPlatforms) = preSolution
		Debug|Any CPU = Debug|Any CPU
		Debug|x64 = Debug|x64
		Debug|x86 = Debug|x86
		Release|Any CPU = Release|Any CPU
		Release|x64 = Release|x64
		Release|x86 = Release|x86
	EndGlobalSection
	GlobalSection(ProjectConfigurationPlatforms) = postSolution
		{53E07645-FCFD-4B59-9FBF-EAD417F5F445}.Debug|Any CPU.ActiveCfg = Debug|Any CPU
		{53E07645-FCFD-4B59-9FBF-EAD417F5F445}.Debug|Any CPU.Build.0 = Debug|Any CPU
		{53E07645-FCFD-4B59-9FBF-EAD417F5F445}.Debug|x64.ActiveCfg = Debug|Any CPU
		{53E07645-FCFD-4B59-9FBF-EAD417F5F445}.Debug|x64.Build.0 = Debug|Any CPU
		{53E07645-FCFD-4B59-9FBF-EAD417F5F445}.Debug|x86.ActiveCfg = Debug|Any CPU
		{53E07645-FCFD-4B59-9FBF-EAD417F5F445}.Debug|x86.Build.0 = Debug|Any CPU
		{53E07645-FCFD-4B59-9FBF-EAD417F5F445}.Release|Any CPU.ActiveCfg = Release|Any CPU
		{53E07645-FCFD-4B59-9FBF-EAD417F5F445}.Release|Any CPU.Build.0 = Release|Any CPU
		{53E07645-FCFD-4B59-9FBF-EAD417F5F445}.Release|x64.ActiveCfg = Release|Any CPU
		{53E07645-FCFD-4B59-9FBF-EAD417F5F445}.Release|x64.Build.0 = Release|Any CPU
		{53E07645-FCFD-4B59-9FBF-EAD417F5F445}.Release|x86.ActiveCfg = Release|Any CPU
		{53E07645-FCFD-4B59-9FBF-EAD417F5F445}.Release|x86.Build.0 = Release|Any CPU
		{EDC20508-14A0-48E0-9B0D-9C127A30FCF3}.Debug|Any CPU.ActiveCfg = Debug|Any CPU
		{EDC20508-14A0-48E0-9B0D-9C127A30FCF3}.Debug|Any CPU.Build.0 = Debug|Any CPU
		{EDC20508-14A0-48E0-9B0D-9C127A30FCF3}.Debug|x64.ActiveCfg = Debug|Any CPU
		{EDC20508-14A0-48E0-9B0D-9C127A30FCF3}.Debug|x64.Build.0 = Debug|Any CPU
		{EDC20508-14A0-48E0-9B0D-9C127A30FCF3}.Debug|x86.ActiveCfg = Debug|Any CPU
		{EDC20508-14A0-48E0-9B0D-9C127A30FCF3}.Debug|x86.Build.0 = Debug|Any CPU
		{EDC20508-14A0-48E0-9B0D-9C127A30FCF3}.Release|Any CPU.ActiveCfg = Release|Any CPU
		{EDC20508-14A0-48E0-9B0D-9C127A30FCF3}.Release|Any CPU.Build.0 = Release|Any CPU
		{EDC20508-14A0-48E0-9B0D-9C127A30FCF3}.Release|x64.ActiveCfg = Release|Any CPU
		{EDC20508-14A0-48E0-9B0D-9C127A30FCF3}.Release|x64.Build.0 = Release|Any CPU
		{EDC20508-14A0-48E0-9B0D-9C127A30FCF3}.Release|x86.ActiveCfg = Release|Any CPU
		{EDC20508-14A0-48E0-9B0D-9C127A30FCF3}.Release|x86.Build.0 = Release|Any CPU
		{74317BF6-69E5-4ECC-AAC4-A826C551050F}.Debug|Any CPU.ActiveCfg = Debug|Any CPU
		{74317BF6-69E5-4ECC-AAC4-A826C551050F}.Debug|Any CPU.Build.0 = Debug|Any CPU
		{74317BF6-69E5-4ECC-AAC4-A826C551050F}.Debug|x64.ActiveCfg = Debug|Any CPU
		{74317BF6-69E5-4ECC-AAC4-A826C551050F}.Debug|x64.Build.0 = Debug|Any CPU
		{74317BF6-69E5-4ECC-AAC4-A826C551050F}.Debug|x86.ActiveCfg = Debug|Any CPU
		{74317BF6-69E5-4ECC-AAC4-A826C551050F}.Debug|x86.Build.0 = Debug|Any CPU
		{74317BF6-69E5-4ECC-AAC4-A826C551050F}.Release|Any CPU.ActiveCfg = Release|Any CPU
		{74317BF6-69E5-4ECC-AAC4-A826C551050F}.Release|Any CPU.Build.0 = Release|Any CPU
		{74317BF6-69E5-4ECC-AAC4-A826C551050F}.Release|x64.ActiveCfg = Release|Any CPU
		{74317BF6-69E5-4ECC-AAC4-A826C551050F}.Release|x64.Build.0 = Release|Any CPU
		{74317BF6-69E5-4ECC-AAC4-A826C551050F}.Release|x86.ActiveCfg = Release|Any CPU
		{74317BF6-69E5-4ECC-AAC4-A826C551050F}.Release|x86.Build.0 = Release|Any CPU
		{C8DE5D98-5A76-463E-A130-346A84BE968E}.Debug|Any CPU.ActiveCfg = Debug|Any CPU
		{C8DE5D98-5A76-463E-A130-346A84BE968E}.Debug|Any CPU.Build.0 = Debug|Any CPU
		{C8DE5D98-5A76-463E-A130-346A84BE968E}.Debug|x64.ActiveCfg = Debug|Any CPU
		{C8DE5D98-5A76-463E-A130-346A84BE968E}.Debug|x64.Build.0 = Debug|Any CPU
		{C8DE5D98-5A76-463E-A130-346A84BE968E}.Debug|x86.ActiveCfg = Debug|Any CPU
		{C8DE5D98-5A76-463E-A130-346A84BE968E}.Debug|x86.Build.0 = Debug|Any CPU
		{C8DE5D98-5A76-463E-A130-346A84BE968E}.Release|Any CPU.ActiveCfg = Release|Any CPU
		{C8DE5D98-5A76-463E-A130-346A84BE968E}.Release|Any CPU.Build.0 = Release|Any CPU
		{C8DE5D98-5A76-463E-A130-346A84BE968E}.Release|x64.ActiveCfg = Release|Any CPU
		{C8DE5D98-5A76-463E-A130-346A84BE968E}.Release|x64.Build.0 = Release|Any CPU
		{C8DE5D98-5A76-463E-A130-346A84BE968E}.Release|x86.ActiveCfg = Release|Any CPU
		{C8DE5D98-5A76-463E-A130-346A84BE968E}.Release|x86.Build.0 = Release|Any CPU
		{E200AA80-817D-4F54-A6E1-664FDBB9399A}.Debug|Any CPU.ActiveCfg = Debug|Any CPU
		{E200AA80-817D-4F54-A6E1-664FDBB9399A}.Debug|Any CPU.Build.0 = Debug|Any CPU
		{E200AA80-817D-4F54-A6E1-664FDBB9399A}.Debug|x64.ActiveCfg = Debug|Any CPU
		{E200AA80-817D-4F54-A6E1-664FDBB9399A}.Debug|x64.Build.0 = Debug|Any CPU
		{E200AA80-817D-4F54-A6E1-664FDBB9399A}.Debug|x86.ActiveCfg = Debug|Any CPU
		{E200AA80-817D-4F54-A6E1-664FDBB9399A}.Debug|x86.Build.0 = Debug|Any CPU
		{E200AA80-817D-4F54-A6E1-664FDBB9399A}.Release|Any CPU.ActiveCfg = Release|Any CPU
		{E200AA80-817D-4F54-A6E1-664FDBB9399A}.Release|Any CPU.Build.0 = Release|Any CPU
		{E200AA80-817D-4F54-A6E1-664FDBB9399A}.Release|x64.ActiveCfg = Release|Any CPU
		{E200AA80-817D-4F54-A6E1-664FDBB9399A}.Release|x64.Build.0 = Release|Any CPU
		{E200AA80-817D-4F54-A6E1-664FDBB9399A}.Release|x86.ActiveCfg = Release|Any CPU
		{E200AA80-817D-4F54-A6E1-664FDBB9399A}.Release|x86.Build.0 = Release|Any CPU
		{EBFD51D7-B7A1-4554-B522-F4BF55878ED8}.Debug|Any CPU.ActiveCfg = Debug|Any CPU
		{EBFD51D7-B7A1-4554-B522-F4BF55878ED8}.Debug|Any CPU.Build.0 = Debug|Any CPU
		{EBFD51D7-B7A1-4554-B522-F4BF55878ED8}.Debug|x64.ActiveCfg = Debug|Any CPU
		{EBFD51D7-B7A1-4554-B522-F4BF55878ED8}.Debug|x64.Build.0 = Debug|Any CPU
		{EBFD51D7-B7A1-4554-B522-F4BF55878ED8}.Debug|x86.ActiveCfg = Debug|Any CPU
		{EBFD51D7-B7A1-4554-B522-F4BF55878ED8}.Debug|x86.Build.0 = Debug|Any CPU
		{EBFD51D7-B7A1-4554-B522-F4BF55878ED8}.Release|Any CPU.ActiveCfg = Release|Any CPU
		{EBFD51D7-B7A1-4554-B522-F4BF55878ED8}.Release|Any CPU.Build.0 = Release|Any CPU
		{EBFD51D7-B7A1-4554-B522-F4BF55878ED8}.Release|x64.ActiveCfg = Release|Any CPU
		{EBFD51D7-B7A1-4554-B522-F4BF55878ED8}.Release|x64.Build.0 = Release|Any CPU
		{EBFD51D7-B7A1-4554-B522-F4BF55878ED8}.Release|x86.ActiveCfg = Release|Any CPU
		{EBFD51D7-B7A1-4554-B522-F4BF55878ED8}.Release|x86.Build.0 = Release|Any CPU
		{1CE0AD32-6662-4B09-8CEE-D647F2107451}.Debug|Any CPU.ActiveCfg = Debug|Any CPU
		{1CE0AD32-6662-4B09-8CEE-D647F2107451}.Debug|Any CPU.Build.0 = Debug|Any CPU
		{1CE0AD32-6662-4B09-8CEE-D647F2107451}.Debug|x64.ActiveCfg = Debug|Any CPU
		{1CE0AD32-6662-4B09-8CEE-D647F2107451}.Debug|x64.Build.0 = Debug|Any CPU
		{1CE0AD32-6662-4B09-8CEE-D647F2107451}.Debug|x86.ActiveCfg = Debug|Any CPU
		{1CE0AD32-6662-4B09-8CEE-D647F2107451}.Debug|x86.Build.0 = Debug|Any CPU
		{1CE0AD32-6662-4B09-8CEE-D647F2107451}.Release|Any CPU.ActiveCfg = Release|Any CPU
		{1CE0AD32-6662-4B09-8CEE-D647F2107451}.Release|Any CPU.Build.0 = Release|Any CPU
		{1CE0AD32-6662-4B09-8CEE-D647F2107451}.Release|x64.ActiveCfg = Release|Any CPU
		{1CE0AD32-6662-4B09-8CEE-D647F2107451}.Release|x64.Build.0 = Release|Any CPU
		{1CE0AD32-6662-4B09-8CEE-D647F2107451}.Release|x86.ActiveCfg = Release|Any CPU
		{1CE0AD32-6662-4B09-8CEE-D647F2107451}.Release|x86.Build.0 = Release|Any CPU
		{57E447E4-FE9E-487B-9426-092318EED749}.Debug|Any CPU.ActiveCfg = Debug|Any CPU
		{57E447E4-FE9E-487B-9426-092318EED749}.Debug|Any CPU.Build.0 = Debug|Any CPU
		{57E447E4-FE9E-487B-9426-092318EED749}.Debug|x64.ActiveCfg = Debug|Any CPU
		{57E447E4-FE9E-487B-9426-092318EED749}.Debug|x64.Build.0 = Debug|Any CPU
		{57E447E4-FE9E-487B-9426-092318EED749}.Debug|x86.ActiveCfg = Debug|Any CPU
		{57E447E4-FE9E-487B-9426-092318EED749}.Debug|x86.Build.0 = Debug|Any CPU
		{57E447E4-FE9E-487B-9426-092318EED749}.Release|Any CPU.ActiveCfg = Release|Any CPU
		{57E447E4-FE9E-487B-9426-092318EED749}.Release|Any CPU.Build.0 = Release|Any CPU
		{57E447E4-FE9E-487B-9426-092318EED749}.Release|x64.ActiveCfg = Release|Any CPU
		{57E447E4-FE9E-487B-9426-092318EED749}.Release|x64.Build.0 = Release|Any CPU
		{57E447E4-FE9E-487B-9426-092318EED749}.Release|x86.ActiveCfg = Release|Any CPU
		{57E447E4-FE9E-487B-9426-092318EED749}.Release|x86.Build.0 = Release|Any CPU
		{FF7E9A3A-2D68-45FA-A615-66092D60D23E}.Debug|Any CPU.ActiveCfg = Debug|Any CPU
		{FF7E9A3A-2D68-45FA-A615-66092D60D23E}.Debug|Any CPU.Build.0 = Debug|Any CPU
		{FF7E9A3A-2D68-45FA-A615-66092D60D23E}.Debug|x64.ActiveCfg = Debug|Any CPU
		{FF7E9A3A-2D68-45FA-A615-66092D60D23E}.Debug|x64.Build.0 = Debug|Any CPU
		{FF7E9A3A-2D68-45FA-A615-66092D60D23E}.Debug|x86.ActiveCfg = Debug|Any CPU
		{FF7E9A3A-2D68-45FA-A615-66092D60D23E}.Debug|x86.Build.0 = Debug|Any CPU
		{FF7E9A3A-2D68-45FA-A615-66092D60D23E}.Release|Any CPU.ActiveCfg = Release|Any CPU
		{FF7E9A3A-2D68-45FA-A615-66092D60D23E}.Release|Any CPU.Build.0 = Release|Any CPU
		{FF7E9A3A-2D68-45FA-A615-66092D60D23E}.Release|x64.ActiveCfg = Release|Any CPU
		{FF7E9A3A-2D68-45FA-A615-66092D60D23E}.Release|x64.Build.0 = Release|Any CPU
		{FF7E9A3A-2D68-45FA-A615-66092D60D23E}.Release|x86.ActiveCfg = Release|Any CPU
		{FF7E9A3A-2D68-45FA-A615-66092D60D23E}.Release|x86.Build.0 = Release|Any CPU
		{8ABE9FEE-A50E-4752-9376-613CDFB71C29}.Debug|Any CPU.ActiveCfg = Debug|Any CPU
		{8ABE9FEE-A50E-4752-9376-613CDFB71C29}.Debug|Any CPU.Build.0 = Debug|Any CPU
		{8ABE9FEE-A50E-4752-9376-613CDFB71C29}.Debug|x64.ActiveCfg = Debug|Any CPU
		{8ABE9FEE-A50E-4752-9376-613CDFB71C29}.Debug|x64.Build.0 = Debug|Any CPU
		{8ABE9FEE-A50E-4752-9376-613CDFB71C29}.Debug|x86.ActiveCfg = Debug|Any CPU
		{8ABE9FEE-A50E-4752-9376-613CDFB71C29}.Debug|x86.Build.0 = Debug|Any CPU
		{8ABE9FEE-A50E-4752-9376-613CDFB71C29}.Release|Any CPU.ActiveCfg = Release|Any CPU
		{8ABE9FEE-A50E-4752-9376-613CDFB71C29}.Release|Any CPU.Build.0 = Release|Any CPU
		{8ABE9FEE-A50E-4752-9376-613CDFB71C29}.Release|x64.ActiveCfg = Release|Any CPU
		{8ABE9FEE-A50E-4752-9376-613CDFB71C29}.Release|x64.Build.0 = Release|Any CPU
		{8ABE9FEE-A50E-4752-9376-613CDFB71C29}.Release|x86.ActiveCfg = Release|Any CPU
		{8ABE9FEE-A50E-4752-9376-613CDFB71C29}.Release|x86.Build.0 = Release|Any CPU
		{4B985F79-27C4-42EA-B12E-66D267453A93}.Debug|Any CPU.ActiveCfg = Debug|Any CPU
		{4B985F79-27C4-42EA-B12E-66D267453A93}.Debug|Any CPU.Build.0 = Debug|Any CPU
		{4B985F79-27C4-42EA-B12E-66D267453A93}.Debug|x64.ActiveCfg = Debug|Any CPU
		{4B985F79-27C4-42EA-B12E-66D267453A93}.Debug|x64.Build.0 = Debug|Any CPU
		{4B985F79-27C4-42EA-B12E-66D267453A93}.Debug|x86.ActiveCfg = Debug|Any CPU
		{4B985F79-27C4-42EA-B12E-66D267453A93}.Debug|x86.Build.0 = Debug|Any CPU
		{4B985F79-27C4-42EA-B12E-66D267453A93}.Release|Any CPU.ActiveCfg = Release|Any CPU
		{4B985F79-27C4-42EA-B12E-66D267453A93}.Release|Any CPU.Build.0 = Release|Any CPU
		{4B985F79-27C4-42EA-B12E-66D267453A93}.Release|x64.ActiveCfg = Release|Any CPU
		{4B985F79-27C4-42EA-B12E-66D267453A93}.Release|x64.Build.0 = Release|Any CPU
		{4B985F79-27C4-42EA-B12E-66D267453A93}.Release|x86.ActiveCfg = Release|Any CPU
		{4B985F79-27C4-42EA-B12E-66D267453A93}.Release|x86.Build.0 = Release|Any CPU
		{82E12C02-7C0C-40E9-A60F-1682DAB200FC}.Debug|Any CPU.ActiveCfg = Debug|Any CPU
		{82E12C02-7C0C-40E9-A60F-1682DAB200FC}.Debug|Any CPU.Build.0 = Debug|Any CPU
		{82E12C02-7C0C-40E9-A60F-1682DAB200FC}.Debug|x64.ActiveCfg = Debug|Any CPU
		{82E12C02-7C0C-40E9-A60F-1682DAB200FC}.Debug|x64.Build.0 = Debug|Any CPU
		{82E12C02-7C0C-40E9-A60F-1682DAB200FC}.Debug|x86.ActiveCfg = Debug|Any CPU
		{82E12C02-7C0C-40E9-A60F-1682DAB200FC}.Debug|x86.Build.0 = Debug|Any CPU
		{82E12C02-7C0C-40E9-A60F-1682DAB200FC}.Release|Any CPU.ActiveCfg = Release|Any CPU
		{82E12C02-7C0C-40E9-A60F-1682DAB200FC}.Release|Any CPU.Build.0 = Release|Any CPU
		{82E12C02-7C0C-40E9-A60F-1682DAB200FC}.Release|x64.ActiveCfg = Release|Any CPU
		{82E12C02-7C0C-40E9-A60F-1682DAB200FC}.Release|x64.Build.0 = Release|Any CPU
		{82E12C02-7C0C-40E9-A60F-1682DAB200FC}.Release|x86.ActiveCfg = Release|Any CPU
		{82E12C02-7C0C-40E9-A60F-1682DAB200FC}.Release|x86.Build.0 = Release|Any CPU
		{351D413E-F4F4-4016-914E-90756859FE18}.Debug|Any CPU.ActiveCfg = Debug|Any CPU
		{351D413E-F4F4-4016-914E-90756859FE18}.Debug|Any CPU.Build.0 = Debug|Any CPU
		{351D413E-F4F4-4016-914E-90756859FE18}.Debug|x64.ActiveCfg = Debug|Any CPU
		{351D413E-F4F4-4016-914E-90756859FE18}.Debug|x64.Build.0 = Debug|Any CPU
		{351D413E-F4F4-4016-914E-90756859FE18}.Debug|x86.ActiveCfg = Debug|Any CPU
		{351D413E-F4F4-4016-914E-90756859FE18}.Debug|x86.Build.0 = Debug|Any CPU
		{351D413E-F4F4-4016-914E-90756859FE18}.Release|Any CPU.ActiveCfg = Release|Any CPU
		{351D413E-F4F4-4016-914E-90756859FE18}.Release|Any CPU.Build.0 = Release|Any CPU
		{351D413E-F4F4-4016-914E-90756859FE18}.Release|x64.ActiveCfg = Release|Any CPU
		{351D413E-F4F4-4016-914E-90756859FE18}.Release|x64.Build.0 = Release|Any CPU
		{351D413E-F4F4-4016-914E-90756859FE18}.Release|x86.ActiveCfg = Release|Any CPU
		{351D413E-F4F4-4016-914E-90756859FE18}.Release|x86.Build.0 = Release|Any CPU
		{AD0D9F80-995C-42C6-8690-B3EE8ED4223B}.Debug|Any CPU.ActiveCfg = Debug|Any CPU
		{AD0D9F80-995C-42C6-8690-B3EE8ED4223B}.Debug|Any CPU.Build.0 = Debug|Any CPU
		{AD0D9F80-995C-42C6-8690-B3EE8ED4223B}.Debug|x64.ActiveCfg = Debug|Any CPU
		{AD0D9F80-995C-42C6-8690-B3EE8ED4223B}.Debug|x64.Build.0 = Debug|Any CPU
		{AD0D9F80-995C-42C6-8690-B3EE8ED4223B}.Debug|x86.ActiveCfg = Debug|Any CPU
		{AD0D9F80-995C-42C6-8690-B3EE8ED4223B}.Debug|x86.Build.0 = Debug|Any CPU
		{AD0D9F80-995C-42C6-8690-B3EE8ED4223B}.Release|Any CPU.ActiveCfg = Release|Any CPU
		{AD0D9F80-995C-42C6-8690-B3EE8ED4223B}.Release|Any CPU.Build.0 = Release|Any CPU
		{AD0D9F80-995C-42C6-8690-B3EE8ED4223B}.Release|x64.ActiveCfg = Release|Any CPU
		{AD0D9F80-995C-42C6-8690-B3EE8ED4223B}.Release|x64.Build.0 = Release|Any CPU
		{AD0D9F80-995C-42C6-8690-B3EE8ED4223B}.Release|x86.ActiveCfg = Release|Any CPU
		{AD0D9F80-995C-42C6-8690-B3EE8ED4223B}.Release|x86.Build.0 = Release|Any CPU
	EndGlobalSection
	GlobalSection(SolutionProperties) = preSolution
		HideSolutionNode = FALSE
	EndGlobalSection
	GlobalSection(NestedProjects) = preSolution
		{C8E42992-5E42-0C2B-DBFE-AA848D06431C} = {827E0CD3-B72D-47B6-A68D-7590B98EB39B}
		{53E07645-FCFD-4B59-9FBF-EAD417F5F445} = {C8E42992-5E42-0C2B-DBFE-AA848D06431C}
		{5FC1494C-0D8C-79D1-FFF2-37E95F57AB9F} = {827E0CD3-B72D-47B6-A68D-7590B98EB39B}
		{EDC20508-14A0-48E0-9B0D-9C127A30FCF3} = {5FC1494C-0D8C-79D1-FFF2-37E95F57AB9F}
		{63882A7C-90E5-DEE3-63BB-E6ABDBC8A365} = {827E0CD3-B72D-47B6-A68D-7590B98EB39B}
		{74317BF6-69E5-4ECC-AAC4-A826C551050F} = {63882A7C-90E5-DEE3-63BB-E6ABDBC8A365}
		{4DF80442-A1E5-CC28-AE7B-27B5F9BFE52B} = {827E0CD3-B72D-47B6-A68D-7590B98EB39B}
		{C8DE5D98-5A76-463E-A130-346A84BE968E} = {4DF80442-A1E5-CC28-AE7B-27B5F9BFE52B}
		{D2B7A681-FA18-1699-4D64-DE7E2E636B05} = {827E0CD3-B72D-47B6-A68D-7590B98EB39B}
		{E85A4CF2-C9B8-C56B-ABFF-82ACA12DE877} = {D2B7A681-FA18-1699-4D64-DE7E2E636B05}
		{E200AA80-817D-4F54-A6E1-664FDBB9399A} = {E85A4CF2-C9B8-C56B-ABFF-82ACA12DE877}
		{EA184272-D2AD-7C29-4587-1DAC37CDFB16} = {827E0CD3-B72D-47B6-A68D-7590B98EB39B}
		{EBFD51D7-B7A1-4554-B522-F4BF55878ED8} = {EA184272-D2AD-7C29-4587-1DAC37CDFB16}
		{95CF60EF-5A8F-866C-1324-B5EA7AAAC44D} = {827E0CD3-B72D-47B6-A68D-7590B98EB39B}
		{1CE0AD32-6662-4B09-8CEE-D647F2107451} = {95CF60EF-5A8F-866C-1324-B5EA7AAAC44D}
		{57E447E4-FE9E-487B-9426-092318EED749} = {0AB3BF05-4346-4AA6-1389-037BE0695223}
		{FF7E9A3A-2D68-45FA-A615-66092D60D23E} = {0AB3BF05-4346-4AA6-1389-037BE0695223}
		{8ABE9FEE-A50E-4752-9376-613CDFB71C29} = {0AB3BF05-4346-4AA6-1389-037BE0695223}
		{4B985F79-27C4-42EA-B12E-66D267453A93} = {0AB3BF05-4346-4AA6-1389-037BE0695223}
		{82E12C02-7C0C-40E9-A60F-1682DAB200FC} = {0AB3BF05-4346-4AA6-1389-037BE0695223}
		{351D413E-F4F4-4016-914E-90756859FE18} = {0AB3BF05-4346-4AA6-1389-037BE0695223}
		{AD0D9F80-995C-42C6-8690-B3EE8ED4223B} = {0AB3BF05-4346-4AA6-1389-037BE0695223}
	EndGlobalSection
EndGlobal
